
Microsoft Visual Studio Solution File, Format Version 12.00
# Visual Studio Version 16
VisualStudioVersion = 16.0.32602.291
MinimumVisualStudioVersion = 10.0.40219.1
Project("{FAE04EC0-301F-11D3-BF4B-00C04F79EFBC}") = "DevopsAssignment", "DevopsAssignment\DevopsAssignment.csproj", "{12AAC99F-3197-40AE-8DBA-9EE02C00FA6D}"
EndProject
Global
	GlobalSection(SolutionConfigurationPlatforms) = preSolution
		Debug|Any CPU = Debug|Any CPU
		Release|Any CPU = Release|Any CPU
	EndGlobalSection
	GlobalSection(ProjectConfigurationPlatforms) = postSolution
		{12AAC99F-3197-40AE-8DBA-9EE02C00FA6D}.Debug|Any CPU.ActiveCfg = Debug|Any CPU
		{12AAC99F-3197-40AE-8DBA-9EE02C00FA6D}.Debug|Any CPU.Build.0 = Debug|Any CPU
		{12AAC99F-3197-40AE-8DBA-9EE02C00FA6D}.Release|Any CPU.ActiveCfg = Release|Any CPU
		{12AAC99F-3197-40AE-8DBA-9EE02C00FA6D}.Release|Any CPU.Build.0 = Release|Any CPU
	EndGlobalSection
	GlobalSection(SolutionProperties) = preSolution
		HideSolutionNode = FALSE
	EndGlobalSection
	GlobalSection(ExtensibilityGlobals) = postSolution
		SolutionGuid = {2EC3C5C5-C822-42D9-B541-C549D76F6A93}
	EndGlobalSection
EndGlobal
